
Microsoft Visual Studio Solution File, Format Version 12.00
# Visual Studio Version 17
VisualStudioVersion = 17.5.002.0
MinimumVisualStudioVersion = 10.0.40219.1
Project("{9A19103F-16F7-4668-BE54-9A1E7A4F7556}") = "DemoMvc", "DemoMvc.csproj", "{BB11C530-411B-4A87-A6E5-2A591A5601E5}"
EndProject
Global
	GlobalSection(SolutionConfigurationPlatforms) = preSolution
		Debug|Any CPU = Debug|Any CPU
		Release|Any CPU = Release|Any CPU
	EndGlobalSection
	GlobalSection(ProjectConfigurationPlatforms) = postSolution
		{BB11C530-411B-4A87-A6E5-2A591A5601E5}.Debug|Any CPU.ActiveCfg = Debug|Any CPU
		{BB11C530-411B-4A87-A6E5-2A591A5601E5}.Debug|Any CPU.Build.0 = Debug|Any CPU
		{BB11C530-411B-4A87-A6E5-2A591A5601E5}.Release|Any CPU.ActiveCfg = Release|Any CPU
		{BB11C530-411B-4A87-A6E5-2A591A5601E5}.Release|Any CPU.Build.0 = Release|Any CPU
	EndGlobalSection
	GlobalSection(SolutionProperties) = preSolution
		HideSolutionNode = FALSE
	EndGlobalSection
	GlobalSection(ExtensibilityGlobals) = postSolution
		SolutionGuid = {04D4BBDF-9D0A-422C-BDD6-93EAC59C853F}
	EndGlobalSection
EndGlobal
